
Microsoft Visual Studio Solution File, Format Version 12.00
# Visual Studio 15
VisualStudioVersion = 15.0.27703.2035
MinimumVisualStudioVersion = 10.0.40219.1
Project("{8BC9CEB8-8B4A-11D0-8D11-00A0C91BC942}") = "KNN_HandWritten", "KNN_HandWritten\KNN_HandWritten.vcxproj", "{64718FFB-DD1A-4135-A4C0-ECFDCE968AC2}"
EndProject
Global
	GlobalSection(SolutionConfigurationPlatforms) = preSolution
		Debug|x64 = Debug|x64
		Debug|x86 = Debug|x86
		Release|x64 = Release|x64
		Release|x86 = Release|x86
	EndGlobalSection
	GlobalSection(ProjectConfigurationPlatforms) = postSolution
		{64718FFB-DD1A-4135-A4C0-ECFDCE968AC2}.Debug|x64.ActiveCfg = Debug|x64
		{64718FFB-DD1A-4135-A4C0-ECFDCE968AC2}.Debug|x64.Build.0 = Debug|x64
		{64718FFB-DD1A-4135-A4C0-ECFDCE968AC2}.Debug|x86.ActiveCfg = Debug|Win32
		{64718FFB-DD1A-4135-A4C0-ECFDCE968AC2}.Debug|x86.Build.0 = Debug|Win32
		{64718FFB-DD1A-4135-A4C0-ECFDCE968AC2}.Release|x64.ActiveCfg = Release|x64
		{64718FFB-DD1A-4135-A4C0-ECFDCE968AC2}.Release|x64.Build.0 = Release|x64
		{64718FFB-DD1A-4135-A4C0-ECFDCE968AC2}.Release|x86.ActiveCfg = Release|Win32
		{64718FFB-DD1A-4135-A4C0-ECFDCE968AC2}.Release|x86.Build.0 = Release|Win32
	EndGlobalSection
	GlobalSection(SolutionProperties) = preSolution
		HideSolutionNode = FALSE
	EndGlobalSection
	GlobalSection(ExtensibilityGlobals) = postSolution
		SolutionGuid = {3251E3BA-E893-4187-ABE7-25FAAE6CDBE0}
	EndGlobalSection
EndGlobal
